
Microsoft Visual Studio Solution File, Format Version 12.00
# Visual Studio Version 17
VisualStudioVersion = 17.3.32811.315
MinimumVisualStudioVersion = 10.0.40219.1
Project("{FAE04EC0-301F-11D3-BF4B-00C04F79EFBC}") = "WebApiApplicationProject", "WebApiApplicationProject.csproj", "{6E2C457A-DDCD-46F2-858B-BB6537E7B828}"
EndProject
Project("{FAE04EC0-301F-11D3-BF4B-00C04F79EFBC}") = "DalLib", "..\DalLib\DalLib.csproj", "{1479C0B9-0F31-420E-8D17-41A1C70E1979}"
EndProject
Project("{FAE04EC0-301F-11D3-BF4B-00C04F79EFBC}") = "BalLib", "..\BalLib\BalLib.csproj", "{BC37C49D-6E45-46C9-976E-DBA4746B234D}"
EndProject
Project("{FAE04EC0-301F-11D3-BF4B-00C04F79EFBC}") = "Helper", "..\Helper\Helper.csproj", "{34FC6F97-CD2F-4B75-8972-B66F75773313}"
EndProject
Project("{FAE04EC0-301F-11D3-BF4B-00C04F79EFBC}") = "marksapp", "..\marksapp\marksapp.csproj", "{A733451D-AB43-4789-AEC1-F37AF3DD406A}"
EndProject
Global
	GlobalSection(SolutionConfigurationPlatforms) = preSolution
		Debug|Any CPU = Debug|Any CPU
		Release|Any CPU = Release|Any CPU
	EndGlobalSection
	GlobalSection(ProjectConfigurationPlatforms) = postSolution
		{6E2C457A-DDCD-46F2-858B-BB6537E7B828}.Debug|Any CPU.ActiveCfg = Debug|Any CPU
		{6E2C457A-DDCD-46F2-858B-BB6537E7B828}.Debug|Any CPU.Build.0 = Debug|Any CPU
		{6E2C457A-DDCD-46F2-858B-BB6537E7B828}.Release|Any CPU.ActiveCfg = Release|Any CPU
		{6E2C457A-DDCD-46F2-858B-BB6537E7B828}.Release|Any CPU.Build.0 = Release|Any CPU
		{1479C0B9-0F31-420E-8D17-41A1C70E1979}.Debug|Any CPU.ActiveCfg = Debug|Any CPU
		{1479C0B9-0F31-420E-8D17-41A1C70E1979}.Debug|Any CPU.Build.0 = Debug|Any CPU
		{1479C0B9-0F31-420E-8D17-41A1C70E1979}.Release|Any CPU.ActiveCfg = Release|Any CPU
		{1479C0B9-0F31-420E-8D17-41A1C70E1979}.Release|Any CPU.Build.0 = Release|Any CPU
		{BC37C49D-6E45-46C9-976E-DBA4746B234D}.Debug|Any CPU.ActiveCfg = Debug|Any CPU
		{BC37C49D-6E45-46C9-976E-DBA4746B234D}.Debug|Any CPU.Build.0 = Debug|Any CPU
		{BC37C49D-6E45-46C9-976E-DBA4746B234D}.Release|Any CPU.ActiveCfg = Release|Any CPU
		{BC37C49D-6E45-46C9-976E-DBA4746B234D}.Release|Any CPU.Build.0 = Release|Any CPU
		{34FC6F97-CD2F-4B75-8972-B66F75773313}.Debug|Any CPU.ActiveCfg = Debug|Any CPU
		{34FC6F97-CD2F-4B75-8972-B66F75773313}.Debug|Any CPU.Build.0 = Debug|Any CPU
		{34FC6F97-CD2F-4B75-8972-B66F75773313}.Release|Any CPU.ActiveCfg = Release|Any CPU
		{34FC6F97-CD2F-4B75-8972-B66F75773313}.Release|Any CPU.Build.0 = Release|Any CPU
		{A733451D-AB43-4789-AEC1-F37AF3DD406A}.Debug|Any CPU.ActiveCfg = Debug|Any CPU
		{A733451D-AB43-4789-AEC1-F37AF3DD406A}.Debug|Any CPU.Build.0 = Debug|Any CPU
		{A733451D-AB43-4789-AEC1-F37AF3DD406A}.Release|Any CPU.ActiveCfg = Release|Any CPU
		{A733451D-AB43-4789-AEC1-F37AF3DD406A}.Release|Any CPU.Build.0 = Release|Any CPU
	EndGlobalSection
	GlobalSection(SolutionProperties) = preSolution
		HideSolutionNode = FALSE
	EndGlobalSection
	GlobalSection(ExtensibilityGlobals) = postSolution
		SolutionGuid = {61F9F4D4-3AD6-44FE-92C9-C31E1ABB49C1}
	EndGlobalSection
EndGlobal
